// !$*UTF8*$!
{
	archiveVersion = 1;
	classes = {
	};
	objectVersion = 50;
	objects = {

/* Begin PBXBuildFile section */
		8053C6292369738600E86944 /* AppDelegate.swift in Sources */ = {isa = PBXBuildFile; fileRef = 8053C6282369738600E86944 /* AppDelegate.swift */; };
		8053C62B2369738600E86944 /* SceneDelegate.swift in Sources */ = {isa = PBXBuildFile; fileRef = 8053C62A2369738600E86944 /* SceneDelegate.swift */; };
		8053C6302369738600E86944 /* Main.storyboard in Resources */ = {isa = PBXBuildFile; fileRef = 8053C62E2369738600E86944 /* Main.storyboard */; };
		8053C6322369738600E86944 /* Assets.xcassets in Resources */ = {isa = PBXBuildFile; fileRef = 8053C6312369738600E86944 /* Assets.xcassets */; };
		8053C6352369738600E86944 /* LaunchScreen.storyboard in Resources */ = {isa = PBXBuildFile; fileRef = 8053C6332369738600E86944 /* LaunchScreen.storyboard */; };
		AA071AB9236F0B2D00FFCEC3 /* Extension +ViewController.swift in Sources */ = {isa = PBXBuildFile; fileRef = AA071AB8236F0B2D00FFCEC3 /* Extension +ViewController.swift */; };
		AA071ABC237030C200FFCEC3 /* FriendsController.swift in Sources */ = {isa = PBXBuildFile; fileRef = AA071ABB237030C200FFCEC3 /* FriendsController.swift */; };
		AA071ABE2370312F00FFCEC3 /* FriendsCell.swift in Sources */ = {isa = PBXBuildFile; fileRef = AA071ABD2370312F00FFCEC3 /* FriendsCell.swift */; };
		AA3B34C8236F059300C2AFA5 /* LoginViewController.swift in Sources */ = {isa = PBXBuildFile; fileRef = AA3B34C7236F059300C2AFA5 /* LoginViewController.swift */; };
		AA6D8F87237048940010C66B /* OtherGroupsControllerr.swift in Sources */ = {isa = PBXBuildFile; fileRef = AA6D8F86237048940010C66B /* OtherGroupsControllerr.swift */; };
		AA6D8F892370498C0010C66B /* OtherGroupsCelll.swift in Sources */ = {isa = PBXBuildFile; fileRef = AA6D8F882370498C0010C66B /* OtherGroupsCelll.swift */; };
		AA6DBD2F2370353800D2555B /* FriendPhotoController.swift in Sources */ = {isa = PBXBuildFile; fileRef = AA6DBD2D2370353800D2555B /* FriendPhotoController.swift */; };
		AA6DBD302370353800D2555B /* FriendPhotoCell.swift in Sources */ = {isa = PBXBuildFile; fileRef = AA6DBD2E2370353800D2555B /* FriendPhotoCell.swift */; };
		AA6DBD332370371500D2555B /* UserGroupsController.swift in Sources */ = {isa = PBXBuildFile; fileRef = AA6DBD322370371500D2555B /* UserGroupsController.swift */; };
		AA6DBD352370372400D2555B /* UserGroupsCell.swift in Sources */ = {isa = PBXBuildFile; fileRef = AA6DBD342370372400D2555B /* UserGroupsCell.swift */; };
/* End PBXBuildFile section */

/* Begin PBXFileReference section */
		8053C6252369738600E86944 /* GB.app */ = {isa = PBXFileReference; explicitFileType = wrapper.application; includeInIndex = 0; path = GB.app; sourceTree = BUILT_PRODUCTS_DIR; };
		8053C6282369738600E86944 /* AppDelegate.swift */ = {isa = PBXFileReference; lastKnownFileType = sourcecode.swift; path = AppDelegate.swift; sourceTree = "<group>"; };
		8053C62A2369738600E86944 /* SceneDelegate.swift */ = {isa = PBXFileReference; lastKnownFileType = sourcecode.swift; path = SceneDelegate.swift; sourceTree = "<group>"; };
		8053C62F2369738600E86944 /* Base */ = {isa = PBXFileReference; lastKnownFileType = file.storyboard; name = Base; path = Base.lproj/Main.storyboard; sourceTree = "<group>"; };
		8053C6312369738600E86944 /* Assets.xcassets */ = {isa = PBXFileReference; lastKnownFileType = folder.assetcatalog; path = Assets.xcassets; sourceTree = "<group>"; };
		8053C6342369738600E86944 /* Base */ = {isa = PBXFileReference; lastKnownFileType = file.storyboard; name = Base; path = Base.lproj/LaunchScreen.storyboard; sourceTree = "<group>"; };
		8053C6362369738600E86944 /* Info.plist */ = {isa = PBXFileReference; lastKnownFileType = text.plist.xml; path = Info.plist; sourceTree = "<group>"; };
		AA071AB8236F0B2D00FFCEC3 /* Extension +ViewController.swift */ = {isa = PBXFileReference; lastKnownFileType = sourcecode.swift; path = "Extension +ViewController.swift"; sourceTree = "<group>"; };
		AA071ABB237030C200FFCEC3 /* FriendsController.swift */ = {isa = PBXFileReference; lastKnownFileType = sourcecode.swift; path = FriendsController.swift; sourceTree = "<group>"; };
		AA071ABD2370312F00FFCEC3 /* FriendsCell.swift */ = {isa = PBXFileReference; lastKnownFileType = sourcecode.swift; path = FriendsCell.swift; sourceTree = "<group>"; };
		AA3B34C7236F059300C2AFA5 /* LoginViewController.swift */ = {isa = PBXFileReference; lastKnownFileType = sourcecode.swift; path = LoginViewController.swift; sourceTree = "<group>"; };
		AA6D8F86237048940010C66B /* OtherGroupsControllerr.swift */ = {isa = PBXFileReference; lastKnownFileType = sourcecode.swift; path = OtherGroupsControllerr.swift; sourceTree = "<group>"; };
		AA6D8F882370498C0010C66B /* OtherGroupsCelll.swift */ = {isa = PBXFileReference; lastKnownFileType = sourcecode.swift; path = OtherGroupsCelll.swift; sourceTree = "<group>"; };
		AA6DBD2D2370353800D2555B /* FriendPhotoController.swift */ = {isa = PBXFileReference; lastKnownFileType = sourcecode.swift; path = FriendPhotoController.swift; sourceTree = "<group>"; };
		AA6DBD2E2370353800D2555B /* FriendPhotoCell.swift */ = {isa = PBXFileReference; lastKnownFileType = sourcecode.swift; path = FriendPhotoCell.swift; sourceTree = "<group>"; };
		AA6DBD322370371500D2555B /* UserGroupsController.swift */ = {isa = PBXFileReference; lastKnownFileType = sourcecode.swift; path = UserGroupsController.swift; sourceTree = "<group>"; };
		AA6DBD342370372400D2555B /* UserGroupsCell.swift */ = {isa = PBXFileReference; lastKnownFileType = sourcecode.swift; path = UserGroupsCell.swift; sourceTree = "<group>"; };
/* End PBXFileReference section */

/* Begin PBXFrameworksBuildPhase section */
		8053C6222369738600E86944 /* Frameworks */ = {
			isa = PBXFrameworksBuildPhase;
			buildActionMask = 2147483647;
			files = (
			);
			runOnlyForDeploymentPostprocessing = 0;
		};
/* End PBXFrameworksBuildPhase section */

/* Begin PBXGroup section */
		8053C61C2369738600E86944 = {
			isa = PBXGroup;
			children = (
				8053C6272369738600E86944 /* GB */,
				8053C6262369738600E86944 /* Products */,
			);
			sourceTree = "<group>";
		};
		8053C6262369738600E86944 /* Products */ = {
			isa = PBXGroup;
			children = (
				8053C6252369738600E86944 /* GB.app */,
			);
			name = Products;
			sourceTree = "<group>";
		};
		8053C6272369738600E86944 /* GB */ = {
			isa = PBXGroup;
			children = (
				AA071ABA236F0BE100FFCEC3 /* Extensions */,
				AA6D8F8B23704ABF0010C66B /* Sources */,
				AA6D8F8A23704A950010C66B /* LoginModule */,
				AA6DBD312370354200D2555B /* FriendsPhotoModule */,
				AA071ABF2370313D00FFCEC3 /* Friends Module */,
				AA6DBD3C2370477200D2555B /* OtherGroups */,
				AA6DBD362370372F00D2555B /* UserGroupsModule */,
			);
			path = GB;
			sourceTree = "<group>";
		};
		AA071ABA236F0BE100FFCEC3 /* Extensions */ = {
			isa = PBXGroup;
			children = (
				AA071AB8236F0B2D00FFCEC3 /* Extension +ViewController.swift */,
			);
			path = Extensions;
			sourceTree = "<group>";
		};
		AA071ABF2370313D00FFCEC3 /* Friends Module */ = {
			isa = PBXGroup;
			children = (
				AA071ABB237030C200FFCEC3 /* FriendsController.swift */,
				AA071ABD2370312F00FFCEC3 /* FriendsCell.swift */,
			);
			path = "Friends Module";
			sourceTree = "<group>";
		};
		AA6D8F8A23704A950010C66B /* LoginModule */ = {
			isa = PBXGroup;
			children = (
				AA3B34C7236F059300C2AFA5 /* LoginViewController.swift */,
			);
			path = LoginModule;
			sourceTree = "<group>";
		};
		AA6D8F8B23704ABF0010C66B /* Sources */ = {
			isa = PBXGroup;
			children = (
				8053C6282369738600E86944 /* AppDelegate.swift */,
				8053C6362369738600E86944 /* Info.plist */,
				8053C6332369738600E86944 /* LaunchScreen.storyboard */,
				8053C6312369738600E86944 /* Assets.xcassets */,
				8053C62E2369738600E86944 /* Main.storyboard */,
				8053C62A2369738600E86944 /* SceneDelegate.swift */,
			);
			path = Sources;
			sourceTree = "<group>";
		};
		AA6DBD312370354200D2555B /* FriendsPhotoModule */ = {
			isa = PBXGroup;
			children = (
				AA6DBD2E2370353800D2555B /* FriendPhotoCell.swift */,
				AA6DBD2D2370353800D2555B /* FriendPhotoController.swift */,
			);
			path = FriendsPhotoModule;
			sourceTree = "<group>";
		};
		AA6DBD362370372F00D2555B /* UserGroupsModule */ = {
			isa = PBXGroup;
			children = (
				AA6DBD322370371500D2555B /* UserGroupsController.swift */,
				AA6DBD342370372400D2555B /* UserGroupsCell.swift */,
			);
			path = UserGroupsModule;
			sourceTree = "<group>";
		};
		AA6DBD3C2370477200D2555B /* OtherGroups */ = {
			isa = PBXGroup;
			children = (
				AA6D8F86237048940010C66B /* OtherGroupsControllerr.swift */,
				AA6D8F882370498C0010C66B /* OtherGroupsCelll.swift */,
			);
			path = OtherGroups;
			sourceTree = "<group>";
		};
/* End PBXGroup section */

/* Begin PBXNativeTarget section */
		8053C6242369738600E86944 /* GB */ = {
			isa = PBXNativeTarget;
			buildConfigurationList = 8053C6392369738600E86944 /* Build configuration list for PBXNativeTarget "GB" */;
			buildPhases = (
				8053C6212369738600E86944 /* Sources */,
				8053C6222369738600E86944 /* Frameworks */,
				8053C6232369738600E86944 /* Resources */,
			);
			buildRules = (
			);
			dependencies = (
			);
			name = GB;
			productName = GB;
			productReference = 8053C6252369738600E86944 /* GB.app */;
			productType = "com.apple.product-type.application";
		};
/* End PBXNativeTarget section */

/* Begin PBXProject section */
		8053C61D2369738600E86944 /* Project object */ = {
			isa = PBXProject;
			attributes = {
				LastSwiftUpdateCheck = 1110;
				LastUpgradeCheck = 1110;
				ORGANIZATIONNAME = "Сидоренко Денис Викторович";
				TargetAttributes = {
					8053C6242369738600E86944 = {
						CreatedOnToolsVersion = 11.1;
					};
				};
			};
			buildConfigurationList = 8053C6202369738600E86944 /* Build configuration list for PBXProject "GB" */;
			compatibilityVersion = "Xcode 9.3";
			developmentRegion = en;
			hasScannedForEncodings = 0;
			knownRegions = (
				en,
				Base,
			);
			mainGroup = 8053C61C2369738600E86944;
			productRefGroup = 8053C6262369738600E86944 /* Products */;
			projectDirPath = "";
			projectRoot = "";
			targets = (
				8053C6242369738600E86944 /* GB */,
			);
		};
/* End PBXProject section */

/* Begin PBXResourcesBuildPhase section */
		8053C6232369738600E86944 /* Resources */ = {
			isa = PBXResourcesBuildPhase;
			buildActionMask = 2147483647;
			files = (
				8053C6352369738600E86944 /* LaunchScreen.storyboard in Resources */,
				8053C6322369738600E86944 /* Assets.xcassets in Resources */,
				8053C6302369738600E86944 /* Main.storyboard in Resources */,
			);
			runOnlyForDeploymentPostprocessing = 0;
		};
/* End PBXResourcesBuildPhase section */

/* Begin PBXSourcesBuildPhase section */
		8053C6212369738600E86944 /* Sources */ = {
			isa = PBXSourcesBuildPhase;
			buildActionMask = 2147483647;
			files = (
				AA3B34C8236F059300C2AFA5 /* LoginViewController.swift in Sources */,
				AA6D8F87237048940010C66B /* OtherGroupsControllerr.swift in Sources */,
				AA6DBD2F2370353800D2555B /* FriendPhotoController.swift in Sources */,
				AA6DBD302370353800D2555B /* FriendPhotoCell.swift in Sources */,
				AA071ABE2370312F00FFCEC3 /* FriendsCell.swift in Sources */,
				AA071ABC237030C200FFCEC3 /* FriendsController.swift in Sources */,
				AA071AB9236F0B2D00FFCEC3 /* Extension +ViewController.swift in Sources */,
				8053C6292369738600E86944 /* AppDelegate.swift in Sources */,
				8053C62B2369738600E86944 /* SceneDelegate.swift in Sources */,
				AA6DBD352370372400D2555B /* UserGroupsCell.swift in Sources */,
				AA6DBD332370371500D2555B /* UserGroupsController.swift in Sources */,
				AA6D8F892370498C0010C66B /* OtherGroupsCelll.swift in Sources */,
			);
			runOnlyForDeploymentPostprocessing = 0;
		};
/* End PBXSourcesBuildPhase section */

/* Begin PBXVariantGroup section */
		8053C62E2369738600E86944 /* Main.storyboard */ = {
			isa = PBXVariantGroup;
			children = (
				8053C62F2369738600E86944 /* Base */,
			);
			name = Main.storyboard;
			sourceTree = "<group>";
		};
		8053C6332369738600E86944 /* LaunchScreen.storyboard */ = {
			isa = PBXVariantGroup;
			children = (
				8053C6342369738600E86944 /* Base */,
			);
			name = LaunchScreen.storyboard;
			sourceTree = "<group>";
		};
/* End PBXVariantGroup section */

/* Begin XCBuildConfiguration section */
		8053C6372369738600E86944 /* Debug */ = {
			isa = XCBuildConfiguration;
			buildSettings = {
				ALWAYS_SEARCH_USER_PATHS = NO;
				CLANG_ANALYZER_NONNULL = YES;
				CLANG_ANALYZER_NUMBER_OBJECT_CONVERSION = YES_AGGRESSIVE;
				CLANG_CXX_LANGUAGE_STANDARD = "gnu++14";
				CLANG_CXX_LIBRARY = "libc++";
				CLANG_ENABLE_MODULES = YES;
				CLANG_ENABLE_OBJC_ARC = YES;
				CLANG_ENABLE_OBJC_WEAK = YES;
				CLANG_WARN_BLOCK_CAPTURE_AUTORELEASING = YES;
				CLANG_WARN_BOOL_CONVERSION = YES;
				CLANG_WARN_COMMA = YES;
				CLANG_WARN_CONSTANT_CONVERSION = YES;
				CLANG_WARN_DEPRECATED_OBJC_IMPLEMENTATIONS = YES;
				CLANG_WARN_DIRECT_OBJC_ISA_USAGE = YES_ERROR;
				CLANG_WARN_DOCUMENTATION_COMMENTS = YES;
				CLANG_WARN_EMPTY_BODY = YES;
				CLANG_WARN_ENUM_CONVERSION = YES;
				CLANG_WARN_INFINITE_RECURSION = YES;
				CLANG_WARN_INT_CONVERSION = YES;
				CLANG_WARN_NON_LITERAL_NULL_CONVERSION = YES;
				CLANG_WARN_OBJC_IMPLICIT_RETAIN_SELF = YES;
				CLANG_WARN_OBJC_LITERAL_CONVERSION = YES;
				CLANG_WARN_OBJC_ROOT_CLASS = YES_ERROR;
				CLANG_WARN_RANGE_LOOP_ANALYSIS = YES;
				CLANG_WARN_STRICT_PROTOTYPES = YES;
				CLANG_WARN_SUSPICIOUS_MOVE = YES;
				CLANG_WARN_UNGUARDED_AVAILABILITY = YES_AGGRESSIVE;
				CLANG_WARN_UNREACHABLE_CODE = YES;
				CLANG_WARN__DUPLICATE_METHOD_MATCH = YES;
				COPY_PHASE_STRIP = NO;
				DEBUG_INFORMATION_FORMAT = dwarf;
				ENABLE_STRICT_OBJC_MSGSEND = YES;
				ENABLE_TESTABILITY = YES;
				GCC_C_LANGUAGE_STANDARD = gnu11;
				GCC_DYNAMIC_NO_PIC = NO;
				GCC_NO_COMMON_BLOCKS = YES;
				GCC_OPTIMIZATION_LEVEL = 0;
				GCC_PREPROCESSOR_DEFINITIONS = (
					"DEBUG=1",
					"$(inherited)",
				);
				GCC_WARN_64_TO_32_BIT_CONVERSION = YES;
				GCC_WARN_ABOUT_RETURN_TYPE = YES_ERROR;
				GCC_WARN_UNDECLARED_SELECTOR = YES;
				GCC_WARN_UNINITIALIZED_AUTOS = YES_AGGRESSIVE;
				GCC_WARN_UNUSED_FUNCTION = YES;
				GCC_WARN_UNUSED_VARIABLE = YES;
				IPHONEOS_DEPLOYMENT_TARGET = 13.1;
				MTL_ENABLE_DEBUG_INFO = INCLUDE_SOURCE;
				MTL_FAST_MATH = YES;
				ONLY_ACTIVE_ARCH = YES;
				SDKROOT = iphoneos;
				SWIFT_ACTIVE_COMPILATION_CONDITIONS = DEBUG;
				SWIFT_OPTIMIZATION_LEVEL = "-Onone";
			};
			name = Debug;
		};
		8053C6382369738600E86944 /* Release */ = {
			isa = XCBuildConfiguration;
			buildSettings = {
				ALWAYS_SEARCH_USER_PATHS = NO;
				CLANG_ANALYZER_NONNULL = YES;
				CLANG_ANALYZER_NUMBER_OBJECT_CONVERSION = YES_AGGRESSIVE;
				CLANG_CXX_LANGUAGE_STANDARD = "gnu++14";
				CLANG_CXX_LIBRARY = "libc++";
				CLANG_ENABLE_MODULES = YES;
				CLANG_ENABLE_OBJC_ARC = YES;
				CLANG_ENABLE_OBJC_WEAK = YES;
				CLANG_WARN_BLOCK_CAPTURE_AUTORELEASING = YES;
				CLANG_WARN_BOOL_CONVERSION = YES;
				CLANG_WARN_COMMA = YES;
				CLANG_WARN_CONSTANT_CONVERSION = YES;
				CLANG_WARN_DEPRECATED_OBJC_IMPLEMENTATIONS = YES;
				CLANG_WARN_DIRECT_OBJC_ISA_USAGE = YES_ERROR;
				CLANG_WARN_DOCUMENTATION_COMMENTS = YES;
				CLANG_WARN_EMPTY_BODY = YES;
				CLANG_WARN_ENUM_CONVERSION = YES;
				CLANG_WARN_INFINITE_RECURSION = YES;
				CLANG_WARN_INT_CONVERSION = YES;
				CLANG_WARN_NON_LITERAL_NULL_CONVERSION = YES;
				CLANG_WARN_OBJC_IMPLICIT_RETAIN_SELF = YES;
				CLANG_WARN_OBJC_LITERAL_CONVERSION = YES;
				CLANG_WARN_OBJC_ROOT_CLASS = YES_ERROR;
				CLANG_WARN_RANGE_LOOP_ANALYSIS = YES;
				CLANG_WARN_STRICT_PROTOTYPES = YES;
				CLANG_WARN_SUSPICIOUS_MOVE = YES;
				CLANG_WARN_UNGUARDED_AVAILABILITY = YES_AGGRESSIVE;
				CLANG_WARN_UNREACHABLE_CODE = YES;
				CLANG_WARN__DUPLICATE_METHOD_MATCH = YES;
				COPY_PHASE_STRIP = NO;
				DEBUG_INFORMATION_FORMAT = "dwarf-with-dsym";
				ENABLE_NS_ASSERTIONS = NO;
				ENABLE_STRICT_OBJC_MSGSEND = YES;
				GCC_C_LANGUAGE_STANDARD = gnu11;
				GCC_NO_COMMON_BLOCKS = YES;
				GCC_WARN_64_TO_32_BIT_CONVERSION = YES;
				GCC_WARN_ABOUT_RETURN_TYPE = YES_ERROR;
				GCC_WARN_UNDECLARED_SELECTOR = YES;
				GCC_WARN_UNINITIALIZED_AUTOS = YES_AGGRESSIVE;
				GCC_WARN_UNUSED_FUNCTION = YES;
				GCC_WARN_UNUSED_VARIABLE = YES;
				IPHONEOS_DEPLOYMENT_TARGET = 13.1;
				MTL_ENABLE_DEBUG_INFO = NO;
				MTL_FAST_MATH = YES;
				SDKROOT = iphoneos;
				SWIFT_COMPILATION_MODE = wholemodule;
				SWIFT_OPTIMIZATION_LEVEL = "-O";
				VALIDATE_PRODUCT = YES;
			};
			name = Release;
		};
		8053C63A2369738600E86944 /* Debug */ = {
			isa = XCBuildConfiguration;
			buildSettings = {
				ASSETCATALOG_COMPILER_APPICON_NAME = AppIcon;
				CODE_SIGN_STYLE = Automatic;
				CURRENT_PROJECT_VERSION = 1;
				DEVELOPMENT_TEAM = QAR5YBA9QY;
				INFOPLIST_FILE = GB/Sources/Info.plist;
				LD_RUNPATH_SEARCH_PATHS = (
					"$(inherited)",
					"@executable_path/Frameworks",
				);
				MARKETING_VERSION = 1;
				PRODUCT_BUNDLE_IDENTIFIER = hello.GB;
				PRODUCT_NAME = "$(TARGET_NAME)";
				SWIFT_VERSION = 5.0;
				TARGETED_DEVICE_FAMILY = "1,2";
			};
			name = Debug;
		};
		8053C63B2369738600E86944 /* Release */ = {
			isa = XCBuildConfiguration;
			buildSettings = {
				ASSETCATALOG_COMPILER_APPICON_NAME = AppIcon;
				CODE_SIGN_STYLE = Automatic;
				CURRENT_PROJECT_VERSION = 1;
				DEVELOPMENT_TEAM = QAR5YBA9QY;
				INFOPLIST_FILE = GB/Sources/Info.plist;
				LD_RUNPATH_SEARCH_PATHS = (
					"$(inherited)",
					"@executable_path/Frameworks",
				);
				MARKETING_VERSION = 1;
				PRODUCT_BUNDLE_IDENTIFIER = hello.GB;
				PRODUCT_NAME = "$(TARGET_NAME)";
				SWIFT_VERSION = 5.0;
				TARGETED_DEVICE_FAMILY = "1,2";
			};
			name = Release;
		};
/* End XCBuildConfiguration section */

/* Begin XCConfigurationList section */
		8053C6202369738600E86944 /* Build configuration list for PBXProject "GB" */ = {
			isa = XCConfigurationList;
			buildConfigurations = (
				8053C6372369738600E86944 /* Debug */,
				8053C6382369738600E86944 /* Release */,
			);
			defaultConfigurationIsVisible = 0;
			defaultConfigurationName = Release;
		};
		8053C6392369738600E86944 /* Build configuration list for PBXNativeTarget "GB" */ = {
			isa = XCConfigurationList;
			buildConfigurations = (
				8053C63A2369738600E86944 /* Debug */,
				8053C63B2369738600E86944 /* Release */,
			);
			defaultConfigurationIsVisible = 0;
			defaultConfigurationName = Release;
		};
/* End XCConfigurationList section */
	};
	rootObject = 8053C61D2369738600E86944 /* Project object */;
}
